
Microsoft Visual Studio Solution File, Format Version 12.00
# Visual Studio Version 17
VisualStudioVersion = 17.4.33122.133
MinimumVisualStudioVersion = 10.0.40219.1
Project("{FAE04EC0-301F-11D3-BF4B-00C04F79EFBC}") = "Jobsway2go.WebUI", "Jobsway2go.WebUI\Jobsway2go.WebUI.csproj", "{2CE6DD3D-9D30-44F8-BDA1-4EF03B71739F}"
EndProject
Global
	GlobalSection(SolutionConfigurationPlatforms) = preSolution
		Debug|Any CPU = Debug|Any CPU
		Release|Any CPU = Release|Any CPU
	EndGlobalSection
	GlobalSection(ProjectConfigurationPlatforms) = postSolution
		{2CE6DD3D-9D30-44F8-BDA1-4EF03B71739F}.Debug|Any CPU.ActiveCfg = Debug|Any CPU
		{2CE6DD3D-9D30-44F8-BDA1-4EF03B71739F}.Debug|Any CPU.Build.0 = Debug|Any CPU
		{2CE6DD3D-9D30-44F8-BDA1-4EF03B71739F}.Release|Any CPU.ActiveCfg = Release|Any CPU
		{2CE6DD3D-9D30-44F8-BDA1-4EF03B71739F}.Release|Any CPU.Build.0 = Release|Any CPU
	EndGlobalSection
	GlobalSection(SolutionProperties) = preSolution
		HideSolutionNode = FALSE
	EndGlobalSection
	GlobalSection(ExtensibilityGlobals) = postSolution
		SolutionGuid = {B933A8E5-453C-43E6-A90C-07DD7FD1C5A0}
	EndGlobalSection
EndGlobal
